
Microsoft Visual Studio Solution File, Format Version 12.00
Project("{FAE04EC0-301F-11D3-BF4B-00C04F79EFBC}") = "drf.API", "drf.API\drf.API.csproj", "{B6F9AE83-EA2A-4F27-9069-C2A9F4D03B6C}"
EndProject
Project("{FAE04EC0-301F-11D3-BF4B-00C04F79EFBC}") = "drf.Application", "drf.Application\drf.Application.csproj", "{C0E22D05-6ABC-420F-B7D3-261AB88534C6}"
EndProject
Project("{FAE04EC0-301F-11D3-BF4B-00C04F79EFBC}") = "drf.Domain", "drf.Domain\drf.Domain.csproj", "{BB0B0820-A37A-419C-B9D5-CDC353B052FF}"
EndProject
Project("{FAE04EC0-301F-11D3-BF4B-00C04F79EFBC}") = "drf.Infrastructure", "drf.Infrastructure\drf.Infrastructure.csproj", "{90DD3AFF-C540-44AD-B2F0-44F37212F599}"
EndProject
Global
	GlobalSection(SolutionConfigurationPlatforms) = preSolution
		Debug|Any CPU = Debug|Any CPU
		Release|Any CPU = Release|Any CPU
	EndGlobalSection
	GlobalSection(ProjectConfigurationPlatforms) = postSolution
		{B6F9AE83-EA2A-4F27-9069-C2A9F4D03B6C}.Debug|Any CPU.ActiveCfg = Debug|Any CPU
		{B6F9AE83-EA2A-4F27-9069-C2A9F4D03B6C}.Debug|Any CPU.Build.0 = Debug|Any CPU
		{B6F9AE83-EA2A-4F27-9069-C2A9F4D03B6C}.Release|Any CPU.ActiveCfg = Release|Any CPU
		{B6F9AE83-EA2A-4F27-9069-C2A9F4D03B6C}.Release|Any CPU.Build.0 = Release|Any CPU
		{C0E22D05-6ABC-420F-B7D3-261AB88534C6}.Debug|Any CPU.ActiveCfg = Debug|Any CPU
		{C0E22D05-6ABC-420F-B7D3-261AB88534C6}.Debug|Any CPU.Build.0 = Debug|Any CPU
		{C0E22D05-6ABC-420F-B7D3-261AB88534C6}.Release|Any CPU.ActiveCfg = Release|Any CPU
		{C0E22D05-6ABC-420F-B7D3-261AB88534C6}.Release|Any CPU.Build.0 = Release|Any CPU
		{BB0B0820-A37A-419C-B9D5-CDC353B052FF}.Debug|Any CPU.ActiveCfg = Debug|Any CPU
		{BB0B0820-A37A-419C-B9D5-CDC353B052FF}.Debug|Any CPU.Build.0 = Debug|Any CPU
		{BB0B0820-A37A-419C-B9D5-CDC353B052FF}.Release|Any CPU.ActiveCfg = Release|Any CPU
		{BB0B0820-A37A-419C-B9D5-CDC353B052FF}.Release|Any CPU.Build.0 = Release|Any CPU
		{90DD3AFF-C540-44AD-B2F0-44F37212F599}.Debug|Any CPU.ActiveCfg = Debug|Any CPU
		{90DD3AFF-C540-44AD-B2F0-44F37212F599}.Debug|Any CPU.Build.0 = Debug|Any CPU
		{90DD3AFF-C540-44AD-B2F0-44F37212F599}.Release|Any CPU.ActiveCfg = Release|Any CPU
		{90DD3AFF-C540-44AD-B2F0-44F37212F599}.Release|Any CPU.Build.0 = Release|Any CPU
	EndGlobalSection
EndGlobal
